// !$*UTF8*$!
{
	archiveVersion = 1;
	classes = {
	};
	objectVersion = 51;
	objects = {

/* Begin PBXBuildFile section */
		7A0EA8F62454075F000FE6EF /* Preview Assets.xcassets in Resources */ = {isa = PBXBuildFile; fileRef = 7A0EA8F52454075F000FE6EF /* Preview Assets.xcassets */; };
		7A0EA8F824540ABB000FE6EF /* OrderCell.swift in Sources */ = {isa = PBXBuildFile; fileRef = 7A0EA8F724540ABB000FE6EF /* OrderCell.swift */; };
		7A35DDFA2460D94D00228E25 /* LoginVC.swift in Sources */ = {isa = PBXBuildFile; fileRef = 7A35DDF92460D94D00228E25 /* LoginVC.swift */; };
		7A3641D924508ADA005FE217 /* AppDelegate.swift in Sources */ = {isa = PBXBuildFile; fileRef = 7A3641D824508ADA005FE217 /* AppDelegate.swift */; };
		7A3641DB24508ADA005FE217 /* SceneDelegate.swift in Sources */ = {isa = PBXBuildFile; fileRef = 7A3641DA24508ADA005FE217 /* SceneDelegate.swift */; };
		7A3641DD24508ADA005FE217 /* FormVC.swift in Sources */ = {isa = PBXBuildFile; fileRef = 7A3641DC24508ADA005FE217 /* FormVC.swift */; };
		7A3641E024508ADA005FE217 /* Main.storyboard in Resources */ = {isa = PBXBuildFile; fileRef = 7A3641DE24508ADA005FE217 /* Main.storyboard */; };
		7A3641E224508ADE005FE217 /* Assets.xcassets in Resources */ = {isa = PBXBuildFile; fileRef = 7A3641E124508ADE005FE217 /* Assets.xcassets */; };
		7A3641E524508ADE005FE217 /* LaunchScreen.storyboard in Resources */ = {isa = PBXBuildFile; fileRef = 7A3641E324508ADE005FE217 /* LaunchScreen.storyboard */; };
		7A3641EF2450998C005FE217 /* OrdersVC.swift in Sources */ = {isa = PBXBuildFile; fileRef = 7A3641EE2450998C005FE217 /* OrdersVC.swift */; };
		7A3641F12450A39C005FE217 /* SheetDB.swift in Sources */ = {isa = PBXBuildFile; fileRef = 7A3641F02450A39C005FE217 /* SheetDB.swift */; };
		7A75574F24BB3B7A00CF9334 /* GroupOrderDemo2-1.gif in Resources */ = {isa = PBXBuildFile; fileRef = 7A75574724BB3B7800CF9334 /* GroupOrderDemo2-1.gif */; };
		7A75575024BB3B7A00CF9334 /* GroupOrderDemo2-2.gif in Resources */ = {isa = PBXBuildFile; fileRef = 7A75574824BB3B7800CF9334 /* GroupOrderDemo2-2.gif */; };
		7A75575124BB3B7A00CF9334 /* GroupOrderDemo1-4.gif in Resources */ = {isa = PBXBuildFile; fileRef = 7A75574924BB3B7800CF9334 /* GroupOrderDemo1-4.gif */; };
		7A75575224BB3B7A00CF9334 /* GroupOrderDemo2-3.gif in Resources */ = {isa = PBXBuildFile; fileRef = 7A75574A24BB3B7900CF9334 /* GroupOrderDemo2-3.gif */; };
		7A75575324BB3B7A00CF9334 /* GroupOrderDemo2-4.gif in Resources */ = {isa = PBXBuildFile; fileRef = 7A75574B24BB3B7900CF9334 /* GroupOrderDemo2-4.gif */; };
		7A75575424BB3B7A00CF9334 /* GroupOrderDemo1-2.gif in Resources */ = {isa = PBXBuildFile; fileRef = 7A75574C24BB3B7900CF9334 /* GroupOrderDemo1-2.gif */; };
		7A75575524BB3B7A00CF9334 /* GroupOrderDemo1-1.gif in Resources */ = {isa = PBXBuildFile; fileRef = 7A75574D24BB3B7A00CF9334 /* GroupOrderDemo1-1.gif */; };
		7A75575824BB3BB400CF9334 /* GroupOrderDemo1-3.gif in Resources */ = {isa = PBXBuildFile; fileRef = 7A75575724BB3BB400CF9334 /* GroupOrderDemo1-3.gif */; };
		7A7D117F2461A2A6005D311E /* GoogleService-Info.plist in Resources */ = {isa = PBXBuildFile; fileRef = 7A7D117E2461A2A6005D311E /* GoogleService-Info.plist */; };
		7A9F6575245C065300E2A80A /* Menu.plist in Resources */ = {isa = PBXBuildFile; fileRef = 7A9F6574245C065300E2A80A /* Menu.plist */; };
		7A9F6577245C0B0500E2A80A /* MenuDB.swift in Sources */ = {isa = PBXBuildFile; fileRef = 7A9F6576245C0B0500E2A80A /* MenuDB.swift */; };
		7A9F6579245C1B7D00E2A80A /* MenuPickerVC.swift in Sources */ = {isa = PBXBuildFile; fileRef = 7A9F6578245C1B7D00E2A80A /* MenuPickerVC.swift */; };
		B5B9F09F5C1978C8BDE44E58 /* Pods_GroupOrders.framework in Frameworks */ = {isa = PBXBuildFile; fileRef = 0B2E40FC2B17D8C25A2756F1 /* Pods_GroupOrders.framework */; };
/* End PBXBuildFile section */

/* Begin PBXFileReference section */
		0B2E40FC2B17D8C25A2756F1 /* Pods_GroupOrders.framework */ = {isa = PBXFileReference; explicitFileType = wrapper.framework; includeInIndex = 0; path = Pods_GroupOrders.framework; sourceTree = BUILT_PRODUCTS_DIR; };
		10659CA88F55E7A1D9AC334E /* Pods-GroupOrders.debug.xcconfig */ = {isa = PBXFileReference; includeInIndex = 1; lastKnownFileType = text.xcconfig; name = "Pods-GroupOrders.debug.xcconfig"; path = "Target Support Files/Pods-GroupOrders/Pods-GroupOrders.debug.xcconfig"; sourceTree = "<group>"; };
		683FA23B8E34F9D03F5A4EF8 /* Pods-GroupOrders.release.xcconfig */ = {isa = PBXFileReference; includeInIndex = 1; lastKnownFileType = text.xcconfig; name = "Pods-GroupOrders.release.xcconfig"; path = "Target Support Files/Pods-GroupOrders/Pods-GroupOrders.release.xcconfig"; sourceTree = "<group>"; };
		7A0EA8F52454075F000FE6EF /* Preview Assets.xcassets */ = {isa = PBXFileReference; lastKnownFileType = folder.assetcatalog; name = "Preview Assets.xcassets"; path = "GroupOrders/Preview Assets.xcassets"; sourceTree = SOURCE_ROOT; };
		7A0EA8F724540ABB000FE6EF /* OrderCell.swift */ = {isa = PBXFileReference; lastKnownFileType = sourcecode.swift; path = OrderCell.swift; sourceTree = "<group>"; };
		7A35DDF92460D94D00228E25 /* LoginVC.swift */ = {isa = PBXFileReference; lastKnownFileType = sourcecode.swift; path = LoginVC.swift; sourceTree = "<group>"; };
		7A3641D524508ADA005FE217 /* GroupOrders.app */ = {isa = PBXFileReference; explicitFileType = wrapper.application; includeInIndex = 0; path = GroupOrders.app; sourceTree = BUILT_PRODUCTS_DIR; };
		7A3641D824508ADA005FE217 /* AppDelegate.swift */ = {isa = PBXFileReference; lastKnownFileType = sourcecode.swift; path = AppDelegate.swift; sourceTree = "<group>"; };
		7A3641DA24508ADA005FE217 /* SceneDelegate.swift */ = {isa = PBXFileReference; lastKnownFileType = sourcecode.swift; path = SceneDelegate.swift; sourceTree = "<group>"; };
		7A3641DC24508ADA005FE217 /* FormVC.swift */ = {isa = PBXFileReference; lastKnownFileType = sourcecode.swift; path = FormVC.swift; sourceTree = "<group>"; };
		7A3641DF24508ADA005FE217 /* Base */ = {isa = PBXFileReference; lastKnownFileType = file.storyboard; name = Base; path = Base.lproj/Main.storyboard; sourceTree = "<group>"; };
		7A3641E124508ADE005FE217 /* Assets.xcassets */ = {isa = PBXFileReference; lastKnownFileType = folder.assetcatalog; path = Assets.xcassets; sourceTree = "<group>"; };
		7A3641E424508ADE005FE217 /* Base */ = {isa = PBXFileReference; lastKnownFileType = file.storyboard; name = Base; path = Base.lproj/LaunchScreen.storyboard; sourceTree = "<group>"; };
		7A3641E624508ADE005FE217 /* Info.plist */ = {isa = PBXFileReference; lastKnownFileType = text.plist.xml; path = Info.plist; sourceTree = "<group>"; };
		7A3641EE2450998C005FE217 /* OrdersVC.swift */ = {isa = PBXFileReference; lastKnownFileType = sourcecode.swift; path = OrdersVC.swift; sourceTree = "<group>"; };
		7A3641F02450A39C005FE217 /* SheetDB.swift */ = {isa = PBXFileReference; lastKnownFileType = sourcecode.swift; path = SheetDB.swift; sourceTree = "<group>"; };
		7A75574724BB3B7800CF9334 /* GroupOrderDemo2-1.gif */ = {isa = PBXFileReference; lastKnownFileType = image.gif; path = "GroupOrderDemo2-1.gif"; sourceTree = "<group>"; };
		7A75574824BB3B7800CF9334 /* GroupOrderDemo2-2.gif */ = {isa = PBXFileReference; lastKnownFileType = image.gif; path = "GroupOrderDemo2-2.gif"; sourceTree = "<group>"; };
		7A75574924BB3B7800CF9334 /* GroupOrderDemo1-4.gif */ = {isa = PBXFileReference; lastKnownFileType = image.gif; path = "GroupOrderDemo1-4.gif"; sourceTree = "<group>"; };
		7A75574A24BB3B7900CF9334 /* GroupOrderDemo2-3.gif */ = {isa = PBXFileReference; lastKnownFileType = image.gif; path = "GroupOrderDemo2-3.gif"; sourceTree = "<group>"; };
		7A75574B24BB3B7900CF9334 /* GroupOrderDemo2-4.gif */ = {isa = PBXFileReference; lastKnownFileType = image.gif; path = "GroupOrderDemo2-4.gif"; sourceTree = "<group>"; };
		7A75574C24BB3B7900CF9334 /* GroupOrderDemo1-2.gif */ = {isa = PBXFileReference; lastKnownFileType = image.gif; path = "GroupOrderDemo1-2.gif"; sourceTree = "<group>"; };
		7A75574D24BB3B7A00CF9334 /* GroupOrderDemo1-1.gif */ = {isa = PBXFileReference; lastKnownFileType = image.gif; path = "GroupOrderDemo1-1.gif"; sourceTree = "<group>"; };
		7A75575724BB3BB400CF9334 /* GroupOrderDemo1-3.gif */ = {isa = PBXFileReference; lastKnownFileType = image.gif; path = "GroupOrderDemo1-3.gif"; sourceTree = "<group>"; };
		7A7D117E2461A2A6005D311E /* GoogleService-Info.plist */ = {isa = PBXFileReference; fileEncoding = 4; lastKnownFileType = text.plist.xml; path = "GoogleService-Info.plist"; sourceTree = "<group>"; };
		7A9F6574245C065300E2A80A /* Menu.plist */ = {isa = PBXFileReference; lastKnownFileType = text.plist.xml; path = Menu.plist; sourceTree = "<group>"; };
		7A9F6576245C0B0500E2A80A /* MenuDB.swift */ = {isa = PBXFileReference; lastKnownFileType = sourcecode.swift; path = MenuDB.swift; sourceTree = "<group>"; };
		7A9F6578245C1B7D00E2A80A /* MenuPickerVC.swift */ = {isa = PBXFileReference; lastKnownFileType = sourcecode.swift; path = MenuPickerVC.swift; sourceTree = "<group>"; };
/* End PBXFileReference section */

/* Begin PBXFrameworksBuildPhase section */
		7A3641D224508ADA005FE217 /* Frameworks */ = {
			isa = PBXFrameworksBuildPhase;
			buildActionMask = 2147483647;
			files = (
				B5B9F09F5C1978C8BDE44E58 /* Pods_GroupOrders.framework in Frameworks */,
			);
			runOnlyForDeploymentPostprocessing = 0;
		};
/* End PBXFrameworksBuildPhase section */

/* Begin PBXGroup section */
		4B949699A947975920B815FF /* Frameworks */ = {
			isa = PBXGroup;
			children = (
				0B2E40FC2B17D8C25A2756F1 /* Pods_GroupOrders.framework */,
			);
			name = Frameworks;
			sourceTree = "<group>";
		};
		7A3641CC24508ADA005FE217 = {
			isa = PBXGroup;
			children = (
				7A3641D724508ADA005FE217 /* GroupOrders */,
				7A3641D624508ADA005FE217 /* Products */,
				8581994A17A57E80BEF085B5 /* Pods */,
				4B949699A947975920B815FF /* Frameworks */,
			);
			sourceTree = "<group>";
		};
		7A3641D624508ADA005FE217 /* Products */ = {
			isa = PBXGroup;
			children = (
				7A3641D524508ADA005FE217 /* GroupOrders.app */,
			);
			name = Products;
			sourceTree = "<group>";
		};
		7A3641D724508ADA005FE217 /* GroupOrders */ = {
			isa = PBXGroup;
			children = (
				7A3641D824508ADA005FE217 /* AppDelegate.swift */,
				7A3641DA24508ADA005FE217 /* SceneDelegate.swift */,
				7A75574624BB3B4600CF9334 /* DemoImages */,
				7A3641F22450A3A1005FE217 /* Models */,
				7A3641ED24509929005FE217 /* Controllers */,
				7A3641EC24509921005FE217 /* Views */,
				7A3641E124508ADE005FE217 /* Assets.xcassets */,
				7A0EA8F52454075F000FE6EF /* Preview Assets.xcassets */,
				7A3641E324508ADE005FE217 /* LaunchScreen.storyboard */,
				7A7D117E2461A2A6005D311E /* GoogleService-Info.plist */,
				7A3641E624508ADE005FE217 /* Info.plist */,
			);
			path = GroupOrders;
			sourceTree = "<group>";
		};
		7A3641EC24509921005FE217 /* Views */ = {
			isa = PBXGroup;
			children = (
				7A3641DE24508ADA005FE217 /* Main.storyboard */,
			);
			path = Views;
			sourceTree = "<group>";
		};
		7A3641ED24509929005FE217 /* Controllers */ = {
			isa = PBXGroup;
			children = (
				7A3641DC24508ADA005FE217 /* FormVC.swift */,
				7A3641EE2450998C005FE217 /* OrdersVC.swift */,
				7A0EA8F724540ABB000FE6EF /* OrderCell.swift */,
				7A9F6578245C1B7D00E2A80A /* MenuPickerVC.swift */,
				7A35DDF92460D94D00228E25 /* LoginVC.swift */,
			);
			path = Controllers;
			sourceTree = "<group>";
		};
		7A3641F22450A3A1005FE217 /* Models */ = {
			isa = PBXGroup;
			children = (
				7A3641F02450A39C005FE217 /* SheetDB.swift */,
				7A9F6574245C065300E2A80A /* Menu.plist */,
				7A9F6576245C0B0500E2A80A /* MenuDB.swift */,
			);
			path = Models;
			sourceTree = "<group>";
		};
		7A75574624BB3B4600CF9334 /* DemoImages */ = {
			isa = PBXGroup;
			children = (
				7A75574D24BB3B7A00CF9334 /* GroupOrderDemo1-1.gif */,
				7A75574C24BB3B7900CF9334 /* GroupOrderDemo1-2.gif */,
				7A75575724BB3BB400CF9334 /* GroupOrderDemo1-3.gif */,
				7A75574924BB3B7800CF9334 /* GroupOrderDemo1-4.gif */,
				7A75574724BB3B7800CF9334 /* GroupOrderDemo2-1.gif */,
				7A75574824BB3B7800CF9334 /* GroupOrderDemo2-2.gif */,
				7A75574A24BB3B7900CF9334 /* GroupOrderDemo2-3.gif */,
				7A75574B24BB3B7900CF9334 /* GroupOrderDemo2-4.gif */,
			);
			path = DemoImages;
			sourceTree = "<group>";
		};
		8581994A17A57E80BEF085B5 /* Pods */ = {
			isa = PBXGroup;
			children = (
				10659CA88F55E7A1D9AC334E /* Pods-GroupOrders.debug.xcconfig */,
				683FA23B8E34F9D03F5A4EF8 /* Pods-GroupOrders.release.xcconfig */,
			);
			path = Pods;
			sourceTree = "<group>";
		};
/* End PBXGroup section */

/* Begin PBXNativeTarget section */
		7A3641D424508ADA005FE217 /* GroupOrders */ = {
			isa = PBXNativeTarget;
			buildConfigurationList = 7A3641E924508ADE005FE217 /* Build configuration list for PBXNativeTarget "GroupOrders" */;
			buildPhases = (
				809A915BF447EEF576E99BCB /* [CP] Check Pods Manifest.lock */,
				7A3641D124508ADA005FE217 /* Sources */,
				7A3641D224508ADA005FE217 /* Frameworks */,
				7A3641D324508ADA005FE217 /* Resources */,
				E6DE054692BF20F67F5D02A7 /* [CP] Embed Pods Frameworks */,
			);
			buildRules = (
			);
			dependencies = (
			);
			name = GroupOrders;
			productName = GroupOrders;
			productReference = 7A3641D524508ADA005FE217 /* GroupOrders.app */;
			productType = "com.apple.product-type.application";
		};
/* End PBXNativeTarget section */

/* Begin PBXProject section */
		7A3641CD24508ADA005FE217 /* Project object */ = {
			isa = PBXProject;
			attributes = {
				LastSwiftUpdateCheck = 1110;
				LastUpgradeCheck = 1110;
				ORGANIZATIONNAME = "Penny Huang";
				TargetAttributes = {
					7A3641D424508ADA005FE217 = {
						CreatedOnToolsVersion = 11.1;
					};
				};
			};
			buildConfigurationList = 7A3641D024508ADA005FE217 /* Build configuration list for PBXProject "GroupOrders" */;
			compatibilityVersion = "Xcode 9.3";
			developmentRegion = en;
			hasScannedForEncodings = 0;
			knownRegions = (
				en,
				Base,
			);
			mainGroup = 7A3641CC24508ADA005FE217;
			productRefGroup = 7A3641D624508ADA005FE217 /* Products */;
			projectDirPath = "";
			projectRoot = "";
			targets = (
				7A3641D424508ADA005FE217 /* GroupOrders */,
			);
		};
/* End PBXProject section */

/* Begin PBXResourcesBuildPhase section */
		7A3641D324508ADA005FE217 /* Resources */ = {
			isa = PBXResourcesBuildPhase;
			buildActionMask = 2147483647;
			files = (
				7A75575024BB3B7A00CF9334 /* GroupOrderDemo2-2.gif in Resources */,
				7A3641E524508ADE005FE217 /* LaunchScreen.storyboard in Resources */,
				7A75575124BB3B7A00CF9334 /* GroupOrderDemo1-4.gif in Resources */,
				7A75574F24BB3B7A00CF9334 /* GroupOrderDemo2-1.gif in Resources */,
				7A75575824BB3BB400CF9334 /* GroupOrderDemo1-3.gif in Resources */,
				7A3641E224508ADE005FE217 /* Assets.xcassets in Resources */,
				7A75575224BB3B7A00CF9334 /* GroupOrderDemo2-3.gif in Resources */,
				7A0EA8F62454075F000FE6EF /* Preview Assets.xcassets in Resources */,
				7A75575524BB3B7A00CF9334 /* GroupOrderDemo1-1.gif in Resources */,
				7A3641E024508ADA005FE217 /* Main.storyboard in Resources */,
				7A75575324BB3B7A00CF9334 /* GroupOrderDemo2-4.gif in Resources */,
				7A9F6575245C065300E2A80A /* Menu.plist in Resources */,
				7A7D117F2461A2A6005D311E /* GoogleService-Info.plist in Resources */,
				7A75575424BB3B7A00CF9334 /* GroupOrderDemo1-2.gif in Resources */,
			);
			runOnlyForDeploymentPostprocessing = 0;
		};
/* End PBXResourcesBuildPhase section */

/* Begin PBXShellScriptBuildPhase section */
		809A915BF447EEF576E99BCB /* [CP] Check Pods Manifest.lock */ = {
			isa = PBXShellScriptBuildPhase;
			buildActionMask = 2147483647;
			files = (
			);
			inputFileListPaths = (
			);
			inputPaths = (
				"${PODS_PODFILE_DIR_PATH}/Podfile.lock",
				"${PODS_ROOT}/Manifest.lock",
			);
			name = "[CP] Check Pods Manifest.lock";
			outputFileListPaths = (
			);
			outputPaths = (
				"$(DERIVED_FILE_DIR)/Pods-GroupOrders-checkManifestLockResult.txt",
			);
			runOnlyForDeploymentPostprocessing = 0;
			shellPath = /bin/sh;
			shellScript = "diff \"${PODS_PODFILE_DIR_PATH}/Podfile.lock\" \"${PODS_ROOT}/Manifest.lock\" > /dev/null\nif [ $? != 0 ] ; then\n    # print error to STDERR\n    echo \"error: The sandbox is not in sync with the Podfile.lock. Run 'pod install' or update your CocoaPods installation.\" >&2\n    exit 1\nfi\n# This output is used by Xcode 'outputs' to avoid re-running this script phase.\necho \"SUCCESS\" > \"${SCRIPT_OUTPUT_FILE_0}\"\n";
			showEnvVarsInLog = 0;
		};
		E6DE054692BF20F67F5D02A7 /* [CP] Embed Pods Frameworks */ = {
			isa = PBXShellScriptBuildPhase;
			buildActionMask = 2147483647;
			files = (
			);
			inputFileListPaths = (
				"${PODS_ROOT}/Target Support Files/Pods-GroupOrders/Pods-GroupOrders-frameworks-${CONFIGURATION}-input-files.xcfilelist",
			);
			name = "[CP] Embed Pods Frameworks";
			outputFileListPaths = (
				"${PODS_ROOT}/Target Support Files/Pods-GroupOrders/Pods-GroupOrders-frameworks-${CONFIGURATION}-output-files.xcfilelist",
			);
			runOnlyForDeploymentPostprocessing = 0;
			shellPath = /bin/sh;
			shellScript = "\"${PODS_ROOT}/Target Support Files/Pods-GroupOrders/Pods-GroupOrders-frameworks.sh\"\n";
			showEnvVarsInLog = 0;
		};
/* End PBXShellScriptBuildPhase section */

/* Begin PBXSourcesBuildPhase section */
		7A3641D124508ADA005FE217 /* Sources */ = {
			isa = PBXSourcesBuildPhase;
			buildActionMask = 2147483647;
			files = (
				7A3641DD24508ADA005FE217 /* FormVC.swift in Sources */,
				7A9F6579245C1B7D00E2A80A /* MenuPickerVC.swift in Sources */,
				7A3641EF2450998C005FE217 /* OrdersVC.swift in Sources */,
				7A3641D924508ADA005FE217 /* AppDelegate.swift in Sources */,
				7A3641DB24508ADA005FE217 /* SceneDelegate.swift in Sources */,
				7A35DDFA2460D94D00228E25 /* LoginVC.swift in Sources */,
				7A0EA8F824540ABB000FE6EF /* OrderCell.swift in Sources */,
				7A3641F12450A39C005FE217 /* SheetDB.swift in Sources */,
				7A9F6577245C0B0500E2A80A /* MenuDB.swift in Sources */,
			);
			runOnlyForDeploymentPostprocessing = 0;
		};
/* End PBXSourcesBuildPhase section */

/* Begin PBXVariantGroup section */
		7A3641DE24508ADA005FE217 /* Main.storyboard */ = {
			isa = PBXVariantGroup;
			children = (
				7A3641DF24508ADA005FE217 /* Base */,
			);
			name = Main.storyboard;
			sourceTree = "<group>";
		};
		7A3641E324508ADE005FE217 /* LaunchScreen.storyboard */ = {
			isa = PBXVariantGroup;
			children = (
				7A3641E424508ADE005FE217 /* Base */,
			);
			name = LaunchScreen.storyboard;
			sourceTree = "<group>";
		};
/* End PBXVariantGroup section */

/* Begin XCBuildConfiguration section */
		7A3641E724508ADE005FE217 /* Debug */ = {
			isa = XCBuildConfiguration;
			buildSettings = {
				ALWAYS_SEARCH_USER_PATHS = NO;
				CLANG_ANALYZER_NONNULL = YES;
				CLANG_ANALYZER_NUMBER_OBJECT_CONVERSION = YES_AGGRESSIVE;
				CLANG_CXX_LANGUAGE_STANDARD = "gnu++14";
				CLANG_CXX_LIBRARY = "libc++";
				CLANG_ENABLE_MODULES = YES;
				CLANG_ENABLE_OBJC_ARC = YES;
				CLANG_ENABLE_OBJC_WEAK = YES;
				CLANG_WARN_BLOCK_CAPTURE_AUTORELEASING = YES;
				CLANG_WARN_BOOL_CONVERSION = YES;
				CLANG_WARN_COMMA = YES;
				CLANG_WARN_CONSTANT_CONVERSION = YES;
				CLANG_WARN_DEPRECATED_OBJC_IMPLEMENTATIONS = YES;
				CLANG_WARN_DIRECT_OBJC_ISA_USAGE = YES_ERROR;
				CLANG_WARN_DOCUMENTATION_COMMENTS = YES;
				CLANG_WARN_EMPTY_BODY = YES;
				CLANG_WARN_ENUM_CONVERSION = YES;
				CLANG_WARN_INFINITE_RECURSION = YES;
				CLANG_WARN_INT_CONVERSION = YES;
				CLANG_WARN_NON_LITERAL_NULL_CONVERSION = YES;
				CLANG_WARN_OBJC_IMPLICIT_RETAIN_SELF = YES;
				CLANG_WARN_OBJC_LITERAL_CONVERSION = YES;
				CLANG_WARN_OBJC_ROOT_CLASS = YES_ERROR;
				CLANG_WARN_RANGE_LOOP_ANALYSIS = YES;
				CLANG_WARN_STRICT_PROTOTYPES = YES;
				CLANG_WARN_SUSPICIOUS_MOVE = YES;
				CLANG_WARN_UNGUARDED_AVAILABILITY = YES_AGGRESSIVE;
				CLANG_WARN_UNREACHABLE_CODE = YES;
				CLANG_WARN__DUPLICATE_METHOD_MATCH = YES;
				COPY_PHASE_STRIP = NO;
				DEBUG_INFORMATION_FORMAT = dwarf;
				ENABLE_STRICT_OBJC_MSGSEND = YES;
				ENABLE_TESTABILITY = YES;
				GCC_C_LANGUAGE_STANDARD = gnu11;
				GCC_DYNAMIC_NO_PIC = NO;
				GCC_NO_COMMON_BLOCKS = YES;
				GCC_OPTIMIZATION_LEVEL = 0;
				GCC_PREPROCESSOR_DEFINITIONS = (
					"DEBUG=1",
					"$(inherited)",
				);
				GCC_WARN_64_TO_32_BIT_CONVERSION = YES;
				GCC_WARN_ABOUT_RETURN_TYPE = YES_ERROR;
				GCC_WARN_UNDECLARED_SELECTOR = YES;
				GCC_WARN_UNINITIALIZED_AUTOS = YES_AGGRESSIVE;
				GCC_WARN_UNUSED_FUNCTION = YES;
				GCC_WARN_UNUSED_VARIABLE = YES;
				IPHONEOS_DEPLOYMENT_TARGET = 13.1;
				MTL_ENABLE_DEBUG_INFO = INCLUDE_SOURCE;
				MTL_FAST_MATH = YES;
				ONLY_ACTIVE_ARCH = YES;
				SDKROOT = iphoneos;
				SWIFT_ACTIVE_COMPILATION_CONDITIONS = DEBUG;
				SWIFT_OPTIMIZATION_LEVEL = "-Onone";
			};
			name = Debug;
		};
		7A3641E824508ADE005FE217 /* Release */ = {
			isa = XCBuildConfiguration;
			buildSettings = {
				ALWAYS_SEARCH_USER_PATHS = NO;
				CLANG_ANALYZER_NONNULL = YES;
				CLANG_ANALYZER_NUMBER_OBJECT_CONVERSION = YES_AGGRESSIVE;
				CLANG_CXX_LANGUAGE_STANDARD = "gnu++14";
				CLANG_CXX_LIBRARY = "libc++";
				CLANG_ENABLE_MODULES = YES;
				CLANG_ENABLE_OBJC_ARC = YES;
				CLANG_ENABLE_OBJC_WEAK = YES;
				CLANG_WARN_BLOCK_CAPTURE_AUTORELEASING = YES;
				CLANG_WARN_BOOL_CONVERSION = YES;
				CLANG_WARN_COMMA = YES;
				CLANG_WARN_CONSTANT_CONVERSION = YES;
				CLANG_WARN_DEPRECATED_OBJC_IMPLEMENTATIONS = YES;
				CLANG_WARN_DIRECT_OBJC_ISA_USAGE = YES_ERROR;
				CLANG_WARN_DOCUMENTATION_COMMENTS = YES;
				CLANG_WARN_EMPTY_BODY = YES;
				CLANG_WARN_ENUM_CONVERSION = YES;
				CLANG_WARN_INFINITE_RECURSION = YES;
				CLANG_WARN_INT_CONVERSION = YES;
				CLANG_WARN_NON_LITERAL_NULL_CONVERSION = YES;
				CLANG_WARN_OBJC_IMPLICIT_RETAIN_SELF = YES;
				CLANG_WARN_OBJC_LITERAL_CONVERSION = YES;
				CLANG_WARN_OBJC_ROOT_CLASS = YES_ERROR;
				CLANG_WARN_RANGE_LOOP_ANALYSIS = YES;
				CLANG_WARN_STRICT_PROTOTYPES = YES;
				CLANG_WARN_SUSPICIOUS_MOVE = YES;
				CLANG_WARN_UNGUARDED_AVAILABILITY = YES_AGGRESSIVE;
				CLANG_WARN_UNREACHABLE_CODE = YES;
				CLANG_WARN__DUPLICATE_METHOD_MATCH = YES;
				COPY_PHASE_STRIP = NO;
				DEBUG_INFORMATION_FORMAT = "dwarf-with-dsym";
				ENABLE_NS_ASSERTIONS = NO;
				ENABLE_STRICT_OBJC_MSGSEND = YES;
				GCC_C_LANGUAGE_STANDARD = gnu11;
				GCC_NO_COMMON_BLOCKS = YES;
				GCC_WARN_64_TO_32_BIT_CONVERSION = YES;
				GCC_WARN_ABOUT_RETURN_TYPE = YES_ERROR;
				GCC_WARN_UNDECLARED_SELECTOR = YES;
				GCC_WARN_UNINITIALIZED_AUTOS = YES_AGGRESSIVE;
				GCC_WARN_UNUSED_FUNCTION = YES;
				GCC_WARN_UNUSED_VARIABLE = YES;
				IPHONEOS_DEPLOYMENT_TARGET = 13.1;
				MTL_ENABLE_DEBUG_INFO = NO;
				MTL_FAST_MATH = YES;
				SDKROOT = iphoneos;
				SWIFT_COMPILATION_MODE = wholemodule;
				SWIFT_OPTIMIZATION_LEVEL = "-O";
				VALIDATE_PRODUCT = YES;
			};
			name = Release;
		};
		7A3641EA24508ADE005FE217 /* Debug */ = {
			isa = XCBuildConfiguration;
			baseConfigurationReference = 10659CA88F55E7A1D9AC334E /* Pods-GroupOrders.debug.xcconfig */;
			buildSettings = {
				ASSETCATALOG_COMPILER_APPICON_NAME = AppIcon;
				CODE_SIGN_STYLE = Automatic;
				DEVELOPMENT_TEAM = B8PRWQ47YB;
				INFOPLIST_FILE = GroupOrders/Info.plist;
				LD_RUNPATH_SEARCH_PATHS = (
					"$(inherited)",
					"@executable_path/Frameworks",
				);
				PRODUCT_BUNDLE_IDENTIFIER = phuanggh.GroupOrders;
				PRODUCT_NAME = "$(TARGET_NAME)";
				SWIFT_VERSION = 5.0;
				TARGETED_DEVICE_FAMILY = "1,2";
			};
			name = Debug;
		};
		7A3641EB24508ADE005FE217 /* Release */ = {
			isa = XCBuildConfiguration;
			baseConfigurationReference = 683FA23B8E34F9D03F5A4EF8 /* Pods-GroupOrders.release.xcconfig */;
			buildSettings = {
				ASSETCATALOG_COMPILER_APPICON_NAME = AppIcon;
				CODE_SIGN_STYLE = Automatic;
				DEVELOPMENT_TEAM = B8PRWQ47YB;
				INFOPLIST_FILE = GroupOrders/Info.plist;
				LD_RUNPATH_SEARCH_PATHS = (
					"$(inherited)",
					"@executable_path/Frameworks",
				);
				PRODUCT_BUNDLE_IDENTIFIER = phuanggh.GroupOrders;
				PRODUCT_NAME = "$(TARGET_NAME)";
				SWIFT_VERSION = 5.0;
				TARGETED_DEVICE_FAMILY = "1,2";
			};
			name = Release;
		};
/* End XCBuildConfiguration section */

/* Begin XCConfigurationList section */
		7A3641D024508ADA005FE217 /* Build configuration list for PBXProject "GroupOrders" */ = {
			isa = XCConfigurationList;
			buildConfigurations = (
				7A3641E724508ADE005FE217 /* Debug */,
				7A3641E824508ADE005FE217 /* Release */,
			);
			defaultConfigurationIsVisible = 0;
			defaultConfigurationName = Release;
		};
		7A3641E924508ADE005FE217 /* Build configuration list for PBXNativeTarget "GroupOrders" */ = {
			isa = XCConfigurationList;
			buildConfigurations = (
				7A3641EA24508ADE005FE217 /* Debug */,
				7A3641EB24508ADE005FE217 /* Release */,
			);
			defaultConfigurationIsVisible = 0;
			defaultConfigurationName = Release;
		};
/* End XCConfigurationList section */
	};
	rootObject = 7A3641CD24508ADA005FE217 /* Project object */;
}
